// !$*UTF8*$!
{
	archiveVersion = 1;
	classes = {
	};
	objectVersion = 50;
	objects = {

/* Begin PBXBuildFile section */
		1C9B86068CF7C48DD061FAED /* Pods_MediaLibraryTests.framework in Frameworks */ = {isa = PBXBuildFile; fileRef = 1B1376760E684FA5C48F98A9 /* Pods_MediaLibraryTests.framework */; };
		33C33E24B35F9AB86E130128 /* Pods_MediaLibraryUITests.framework in Frameworks */ = {isa = PBXBuildFile; fileRef = E3AF043E4DF95AF49FE92A4C /* Pods_MediaLibraryUITests.framework */; };
		65B3303376672AA3E022310B /* Pods_MediaLibrary.framework in Frameworks */ = {isa = PBXBuildFile; fileRef = 76FCA31CA0C1D780F3DB77D3 /* Pods_MediaLibrary.framework */; };
		9403522B21A81A4800B7E593 /* AppDelegate.swift in Sources */ = {isa = PBXBuildFile; fileRef = 9403522A21A81A4800B7E593 /* AppDelegate.swift */; };
		9403522D21A81A4800B7E593 /* ViewController.swift in Sources */ = {isa = PBXBuildFile; fileRef = 9403522C21A81A4800B7E593 /* ViewController.swift */; };
		9403523021A81A4800B7E593 /* Main.storyboard in Resources */ = {isa = PBXBuildFile; fileRef = 9403522E21A81A4800B7E593 /* Main.storyboard */; };
		9403523221A81A4900B7E593 /* Assets.xcassets in Resources */ = {isa = PBXBuildFile; fileRef = 9403523121A81A4900B7E593 /* Assets.xcassets */; };
		9403523521A81A4900B7E593 /* LaunchScreen.storyboard in Resources */ = {isa = PBXBuildFile; fileRef = 9403523321A81A4900B7E593 /* LaunchScreen.storyboard */; };
		941507A921ABEC480017A149 /* PriviewCollectionViewCell.swift in Sources */ = {isa = PBXBuildFile; fileRef = 941507A721ABEC480017A149 /* PriviewCollectionViewCell.swift */; };
		941507AA21ABEC480017A149 /* PriviewCollectionViewCell.xib in Resources */ = {isa = PBXBuildFile; fileRef = 941507A821ABEC480017A149 /* PriviewCollectionViewCell.xib */; };
		9422B08E21AC149800669528 /* VideoPlayViewController.swift in Sources */ = {isa = PBXBuildFile; fileRef = 9422B08C21AC149800669528 /* VideoPlayViewController.swift */; };
		9422B08F21AC149800669528 /* VideoPlayViewController.xib in Resources */ = {isa = PBXBuildFile; fileRef = 9422B08D21AC149800669528 /* VideoPlayViewController.xib */; };
		94633EC021AB8E4F00FCBD15 /* PHFetchResultHelper.swift in Sources */ = {isa = PBXBuildFile; fileRef = 94633EBF21AB8E4F00FCBD15 /* PHFetchResultHelper.swift */; };
		94633EC221ABA2A700FCBD15 /* SelectionAction.swift in Sources */ = {isa = PBXBuildFile; fileRef = 94633EC121ABA2A700FCBD15 /* SelectionAction.swift */; };
		9470231E21A8E9DA00BF8715 /* MediaManager.swift in Sources */ = {isa = PBXBuildFile; fileRef = 9470231D21A8E9DA00BF8715 /* MediaManager.swift */; };
		9470232E21A9368600BF8715 /* FetchType.swift in Sources */ = {isa = PBXBuildFile; fileRef = 9470232D21A9368600BF8715 /* FetchType.swift */; };
		9470233521A9394300BF8715 /* AlbumsViewController.swift in Sources */ = {isa = PBXBuildFile; fileRef = 9470233321A9394300BF8715 /* AlbumsViewController.swift */; };
		9470233621A9394300BF8715 /* AlbumsViewController.xib in Resources */ = {isa = PBXBuildFile; fileRef = 9470233421A9394300BF8715 /* AlbumsViewController.xib */; };
		9470233921A9395100BF8715 /* AssetsViewController.swift in Sources */ = {isa = PBXBuildFile; fileRef = 9470233721A9395100BF8715 /* AssetsViewController.swift */; };
		9470233A21A9395100BF8715 /* AssetsViewController.xib in Resources */ = {isa = PBXBuildFile; fileRef = 9470233821A9395100BF8715 /* AssetsViewController.xib */; };
		9470233D21A9395F00BF8715 /* PreviewViewController.swift in Sources */ = {isa = PBXBuildFile; fileRef = 9470233B21A9395F00BF8715 /* PreviewViewController.swift */; };
		9470233E21A9395F00BF8715 /* PreviewViewController.xib in Resources */ = {isa = PBXBuildFile; fileRef = 9470233C21A9395F00BF8715 /* PreviewViewController.xib */; };
		9470234121A9396E00BF8715 /* CaptureViewController.swift in Sources */ = {isa = PBXBuildFile; fileRef = 9470233F21A9396E00BF8715 /* CaptureViewController.swift */; };
		9470234221A9396E00BF8715 /* CaptureViewController.xib in Resources */ = {isa = PBXBuildFile; fileRef = 9470234021A9396E00BF8715 /* CaptureViewController.xib */; };
		9470234821A93AB000BF8715 /* ImagePickerViewController.swift in Sources */ = {isa = PBXBuildFile; fileRef = 9470234721A93AB000BF8715 /* ImagePickerViewController.swift */; };
		9470234E21A9426300BF8715 /* AlbumTableViewCell.swift in Sources */ = {isa = PBXBuildFile; fileRef = 9470234C21A9426300BF8715 /* AlbumTableViewCell.swift */; };
		9470234F21A9426300BF8715 /* AlbumTableViewCell.xib in Resources */ = {isa = PBXBuildFile; fileRef = 9470234D21A9426300BF8715 /* AlbumTableViewCell.xib */; };
		9470235321A9486D00BF8715 /* Localizable.strings in Resources */ = {isa = PBXBuildFile; fileRef = 9470235521A9486D00BF8715 /* Localizable.strings */; };
		9470235A21A968A700BF8715 /* AssetCollectionViewCell.swift in Sources */ = {isa = PBXBuildFile; fileRef = 9470235821A968A700BF8715 /* AssetCollectionViewCell.swift */; };
		9470235B21A968A700BF8715 /* AssetCollectionViewCell.xib in Resources */ = {isa = PBXBuildFile; fileRef = 9470235921A968A700BF8715 /* AssetCollectionViewCell.xib */; };
/* End PBXBuildFile section */

/* Begin PBXContainerItemProxy section */
		9403523C21A81A4900B7E593 /* PBXContainerItemProxy */ = {
			isa = PBXContainerItemProxy;
			containerPortal = 9403521F21A81A4800B7E593 /* Project object */;
			proxyType = 1;
			remoteGlobalIDString = 9403522621A81A4800B7E593;
			remoteInfo = MediaLibrary;
		};
		9403524721A81A4900B7E593 /* PBXContainerItemProxy */ = {
			isa = PBXContainerItemProxy;
			containerPortal = 9403521F21A81A4800B7E593 /* Project object */;
			proxyType = 1;
			remoteGlobalIDString = 9403522621A81A4800B7E593;
			remoteInfo = MediaLibrary;
		};
/* End PBXContainerItemProxy section */

/* Begin PBXFileReference section */
		1B1376760E684FA5C48F98A9 /* Pods_MediaLibraryTests.framework */ = {isa = PBXFileReference; explicitFileType = wrapper.framework; includeInIndex = 0; path = Pods_MediaLibraryTests.framework; sourceTree = BUILT_PRODUCTS_DIR; };
		3FB36AD370F3B803E5BA0E46 /* Pods-MediaLibraryUITests.release.xcconfig */ = {isa = PBXFileReference; includeInIndex = 1; lastKnownFileType = text.xcconfig; name = "Pods-MediaLibraryUITests.release.xcconfig"; path = "Pods/Target Support Files/Pods-MediaLibraryUITests/Pods-MediaLibraryUITests.release.xcconfig"; sourceTree = "<group>"; };
		76FCA31CA0C1D780F3DB77D3 /* Pods_MediaLibrary.framework */ = {isa = PBXFileReference; explicitFileType = wrapper.framework; includeInIndex = 0; path = Pods_MediaLibrary.framework; sourceTree = BUILT_PRODUCTS_DIR; };
		7C8F99D6A26CE6A20F6393FC /* Pods-MediaLibrary.release.xcconfig */ = {isa = PBXFileReference; includeInIndex = 1; lastKnownFileType = text.xcconfig; name = "Pods-MediaLibrary.release.xcconfig"; path = "Pods/Target Support Files/Pods-MediaLibrary/Pods-MediaLibrary.release.xcconfig"; sourceTree = "<group>"; };
		8395811EC5AA95C2E19FCC87 /* Pods-MediaLibrary.debug.xcconfig */ = {isa = PBXFileReference; includeInIndex = 1; lastKnownFileType = text.xcconfig; name = "Pods-MediaLibrary.debug.xcconfig"; path = "Pods/Target Support Files/Pods-MediaLibrary/Pods-MediaLibrary.debug.xcconfig"; sourceTree = "<group>"; };
		9403522721A81A4800B7E593 /* MediaLibrary.app */ = {isa = PBXFileReference; explicitFileType = wrapper.application; includeInIndex = 0; path = MediaLibrary.app; sourceTree = BUILT_PRODUCTS_DIR; };
		9403522A21A81A4800B7E593 /* AppDelegate.swift */ = {isa = PBXFileReference; lastKnownFileType = sourcecode.swift; path = AppDelegate.swift; sourceTree = "<group>"; };
		9403522C21A81A4800B7E593 /* ViewController.swift */ = {isa = PBXFileReference; lastKnownFileType = sourcecode.swift; path = ViewController.swift; sourceTree = "<group>"; };
		9403522F21A81A4800B7E593 /* Base */ = {isa = PBXFileReference; lastKnownFileType = file.storyboard; name = Base; path = Base.lproj/Main.storyboard; sourceTree = "<group>"; };
		9403523121A81A4900B7E593 /* Assets.xcassets */ = {isa = PBXFileReference; lastKnownFileType = folder.assetcatalog; path = Assets.xcassets; sourceTree = "<group>"; };
		9403523421A81A4900B7E593 /* Base */ = {isa = PBXFileReference; lastKnownFileType = file.storyboard; name = Base; path = Base.lproj/LaunchScreen.storyboard; sourceTree = "<group>"; };
		9403523621A81A4900B7E593 /* Info.plist */ = {isa = PBXFileReference; lastKnownFileType = text.plist.xml; path = Info.plist; sourceTree = "<group>"; };
		9403523B21A81A4900B7E593 /* MediaLibraryTests.xctest */ = {isa = PBXFileReference; explicitFileType = wrapper.cfbundle; includeInIndex = 0; path = MediaLibraryTests.xctest; sourceTree = BUILT_PRODUCTS_DIR; };
		9403524621A81A4900B7E593 /* MediaLibraryUITests.xctest */ = {isa = PBXFileReference; explicitFileType = wrapper.cfbundle; includeInIndex = 0; path = MediaLibraryUITests.xctest; sourceTree = BUILT_PRODUCTS_DIR; };
		941507A721ABEC480017A149 /* PriviewCollectionViewCell.swift */ = {isa = PBXFileReference; lastKnownFileType = sourcecode.swift; path = PriviewCollectionViewCell.swift; sourceTree = "<group>"; };
		941507A821ABEC480017A149 /* PriviewCollectionViewCell.xib */ = {isa = PBXFileReference; lastKnownFileType = file.xib; path = PriviewCollectionViewCell.xib; sourceTree = "<group>"; };
		9422B08C21AC149800669528 /* VideoPlayViewController.swift */ = {isa = PBXFileReference; lastKnownFileType = sourcecode.swift; path = VideoPlayViewController.swift; sourceTree = "<group>"; };
		9422B08D21AC149800669528 /* VideoPlayViewController.xib */ = {isa = PBXFileReference; lastKnownFileType = file.xib; path = VideoPlayViewController.xib; sourceTree = "<group>"; };
		94633EBF21AB8E4F00FCBD15 /* PHFetchResultHelper.swift */ = {isa = PBXFileReference; lastKnownFileType = sourcecode.swift; path = PHFetchResultHelper.swift; sourceTree = "<group>"; };
		94633EC121ABA2A700FCBD15 /* SelectionAction.swift */ = {isa = PBXFileReference; lastKnownFileType = sourcecode.swift; path = SelectionAction.swift; sourceTree = "<group>"; };
		9470231D21A8E9DA00BF8715 /* MediaManager.swift */ = {isa = PBXFileReference; lastKnownFileType = sourcecode.swift; path = MediaManager.swift; sourceTree = "<group>"; };
		9470232D21A9368600BF8715 /* FetchType.swift */ = {isa = PBXFileReference; lastKnownFileType = sourcecode.swift; path = FetchType.swift; sourceTree = "<group>"; };
		9470233321A9394300BF8715 /* AlbumsViewController.swift */ = {isa = PBXFileReference; lastKnownFileType = sourcecode.swift; path = AlbumsViewController.swift; sourceTree = "<group>"; };
		9470233421A9394300BF8715 /* AlbumsViewController.xib */ = {isa = PBXFileReference; lastKnownFileType = file.xib; path = AlbumsViewController.xib; sourceTree = "<group>"; };
		9470233721A9395100BF8715 /* AssetsViewController.swift */ = {isa = PBXFileReference; lastKnownFileType = sourcecode.swift; path = AssetsViewController.swift; sourceTree = "<group>"; };
		9470233821A9395100BF8715 /* AssetsViewController.xib */ = {isa = PBXFileReference; lastKnownFileType = file.xib; path = AssetsViewController.xib; sourceTree = "<group>"; };
		9470233B21A9395F00BF8715 /* PreviewViewController.swift */ = {isa = PBXFileReference; lastKnownFileType = sourcecode.swift; path = PreviewViewController.swift; sourceTree = "<group>"; };
		9470233C21A9395F00BF8715 /* PreviewViewController.xib */ = {isa = PBXFileReference; lastKnownFileType = file.xib; path = PreviewViewController.xib; sourceTree = "<group>"; };
		9470233F21A9396E00BF8715 /* CaptureViewController.swift */ = {isa = PBXFileReference; lastKnownFileType = sourcecode.swift; path = CaptureViewController.swift; sourceTree = "<group>"; };
		9470234021A9396E00BF8715 /* CaptureViewController.xib */ = {isa = PBXFileReference; lastKnownFileType = file.xib; path = CaptureViewController.xib; sourceTree = "<group>"; };
		9470234721A93AB000BF8715 /* ImagePickerViewController.swift */ = {isa = PBXFileReference; lastKnownFileType = sourcecode.swift; path = ImagePickerViewController.swift; sourceTree = "<group>"; };
		9470234C21A9426300BF8715 /* AlbumTableViewCell.swift */ = {isa = PBXFileReference; lastKnownFileType = sourcecode.swift; path = AlbumTableViewCell.swift; sourceTree = "<group>"; };
		9470234D21A9426300BF8715 /* AlbumTableViewCell.xib */ = {isa = PBXFileReference; lastKnownFileType = file.xib; path = AlbumTableViewCell.xib; sourceTree = "<group>"; };
		9470235421A9486D00BF8715 /* en */ = {isa = PBXFileReference; lastKnownFileType = text.plist.strings; name = en; path = en.lproj/Localizable.strings; sourceTree = "<group>"; };
		9470235621A9488200BF8715 /* zh-Hans */ = {isa = PBXFileReference; lastKnownFileType = text.plist.strings; name = "zh-Hans"; path = "zh-Hans.lproj/Localizable.strings"; sourceTree = "<group>"; };
		9470235821A968A700BF8715 /* AssetCollectionViewCell.swift */ = {isa = PBXFileReference; lastKnownFileType = sourcecode.swift; path = AssetCollectionViewCell.swift; sourceTree = "<group>"; };
		9470235921A968A700BF8715 /* AssetCollectionViewCell.xib */ = {isa = PBXFileReference; lastKnownFileType = file.xib; path = AssetCollectionViewCell.xib; sourceTree = "<group>"; };
		BFDD4A82F5249153569531A1 /* Pods-MediaLibraryUITests.debug.xcconfig */ = {isa = PBXFileReference; includeInIndex = 1; lastKnownFileType = text.xcconfig; name = "Pods-MediaLibraryUITests.debug.xcconfig"; path = "Pods/Target Support Files/Pods-MediaLibraryUITests/Pods-MediaLibraryUITests.debug.xcconfig"; sourceTree = "<group>"; };
		CA46C8E005BEAC0A1319B540 /* Pods-MediaLibraryTests.debug.xcconfig */ = {isa = PBXFileReference; includeInIndex = 1; lastKnownFileType = text.xcconfig; name = "Pods-MediaLibraryTests.debug.xcconfig"; path = "Pods/Target Support Files/Pods-MediaLibraryTests/Pods-MediaLibraryTests.debug.xcconfig"; sourceTree = "<group>"; };
		E3AF043E4DF95AF49FE92A4C /* Pods_MediaLibraryUITests.framework */ = {isa = PBXFileReference; explicitFileType = wrapper.framework; includeInIndex = 0; path = Pods_MediaLibraryUITests.framework; sourceTree = BUILT_PRODUCTS_DIR; };
		F2F47F834E7304DA412DB0B7 /* Pods-MediaLibraryTests.release.xcconfig */ = {isa = PBXFileReference; includeInIndex = 1; lastKnownFileType = text.xcconfig; name = "Pods-MediaLibraryTests.release.xcconfig"; path = "Pods/Target Support Files/Pods-MediaLibraryTests/Pods-MediaLibraryTests.release.xcconfig"; sourceTree = "<group>"; };
/* End PBXFileReference section */

/* Begin PBXFrameworksBuildPhase section */
		9403522421A81A4800B7E593 /* Frameworks */ = {
			isa = PBXFrameworksBuildPhase;
			buildActionMask = 2147483647;
			files = (
				65B3303376672AA3E022310B /* Pods_MediaLibrary.framework in Frameworks */,
			);
			runOnlyForDeploymentPostprocessing = 0;
		};
		9403523821A81A4900B7E593 /* Frameworks */ = {
			isa = PBXFrameworksBuildPhase;
			buildActionMask = 2147483647;
			files = (
				1C9B86068CF7C48DD061FAED /* Pods_MediaLibraryTests.framework in Frameworks */,
			);
			runOnlyForDeploymentPostprocessing = 0;
		};
		9403524321A81A4900B7E593 /* Frameworks */ = {
			isa = PBXFrameworksBuildPhase;
			buildActionMask = 2147483647;
			files = (
				33C33E24B35F9AB86E130128 /* Pods_MediaLibraryUITests.framework in Frameworks */,
			);
			runOnlyForDeploymentPostprocessing = 0;
		};
/* End PBXFrameworksBuildPhase section */

/* Begin PBXGroup section */
		1B62F61BACFAEF301388805D /* Pods */ = {
			isa = PBXGroup;
			children = (
				8395811EC5AA95C2E19FCC87 /* Pods-MediaLibrary.debug.xcconfig */,
				7C8F99D6A26CE6A20F6393FC /* Pods-MediaLibrary.release.xcconfig */,
				CA46C8E005BEAC0A1319B540 /* Pods-MediaLibraryTests.debug.xcconfig */,
				F2F47F834E7304DA412DB0B7 /* Pods-MediaLibraryTests.release.xcconfig */,
				BFDD4A82F5249153569531A1 /* Pods-MediaLibraryUITests.debug.xcconfig */,
				3FB36AD370F3B803E5BA0E46 /* Pods-MediaLibraryUITests.release.xcconfig */,
			);
			name = Pods;
			sourceTree = "<group>";
		};
		9403521E21A81A4800B7E593 = {
			isa = PBXGroup;
			children = (
				9403522921A81A4800B7E593 /* MediaLibrary */,
				9403522821A81A4800B7E593 /* Products */,
				1B62F61BACFAEF301388805D /* Pods */,
				B8F794D120A26658BF4CB20A /* Frameworks */,
			);
			sourceTree = "<group>";
		};
		9403522821A81A4800B7E593 /* Products */ = {
			isa = PBXGroup;
			children = (
				9403522721A81A4800B7E593 /* MediaLibrary.app */,
				9403523B21A81A4900B7E593 /* MediaLibraryTests.xctest */,
				9403524621A81A4900B7E593 /* MediaLibraryUITests.xctest */,
			);
			name = Products;
			sourceTree = "<group>";
		};
		9403522921A81A4800B7E593 /* MediaLibrary */ = {
			isa = PBXGroup;
			children = (
				9470235021A9484700BF8715 /* Resources */,
				9470231C21A8E9C700BF8715 /* MediaPicker */,
				9403522A21A81A4800B7E593 /* AppDelegate.swift */,
				9403522C21A81A4800B7E593 /* ViewController.swift */,
				9403522E21A81A4800B7E593 /* Main.storyboard */,
				9403523121A81A4900B7E593 /* Assets.xcassets */,
				9403523321A81A4900B7E593 /* LaunchScreen.storyboard */,
				9403523621A81A4900B7E593 /* Info.plist */,
			);
			path = MediaLibrary;
			sourceTree = "<group>";
		};
		9470231C21A8E9C700BF8715 /* MediaPicker */ = {
			isa = PBXGroup;
			children = (
				9470235721A9558800BF8715 /* Helper */,
				9470234B21A93E7900BF8715 /* Models */,
				9470234A21A93E7000BF8715 /* Views */,
				9470234921A93E5C00BF8715 /* Controllers */,
				9470232D21A9368600BF8715 /* FetchType.swift */,
			);
			path = MediaPicker;
			sourceTree = "<group>";
		};
		9470234921A93E5C00BF8715 /* Controllers */ = {
			isa = PBXGroup;
			children = (
				9470234721A93AB000BF8715 /* ImagePickerViewController.swift */,
				9470233321A9394300BF8715 /* AlbumsViewController.swift */,
				9470233421A9394300BF8715 /* AlbumsViewController.xib */,
				9470233721A9395100BF8715 /* AssetsViewController.swift */,
				9470233821A9395100BF8715 /* AssetsViewController.xib */,
				9470233B21A9395F00BF8715 /* PreviewViewController.swift */,
				9470233C21A9395F00BF8715 /* PreviewViewController.xib */,
				9470233F21A9396E00BF8715 /* CaptureViewController.swift */,
				9470234021A9396E00BF8715 /* CaptureViewController.xib */,
				9422B08C21AC149800669528 /* VideoPlayViewController.swift */,
				9422B08D21AC149800669528 /* VideoPlayViewController.xib */,
			);
			path = Controllers;
			sourceTree = "<group>";
		};
		9470234A21A93E7000BF8715 /* Views */ = {
			isa = PBXGroup;
			children = (
				9470234C21A9426300BF8715 /* AlbumTableViewCell.swift */,
				9470234D21A9426300BF8715 /* AlbumTableViewCell.xib */,
				9470235821A968A700BF8715 /* AssetCollectionViewCell.swift */,
				9470235921A968A700BF8715 /* AssetCollectionViewCell.xib */,
				941507A721ABEC480017A149 /* PriviewCollectionViewCell.swift */,
				941507A821ABEC480017A149 /* PriviewCollectionViewCell.xib */,
			);
			path = Views;
			sourceTree = "<group>";
		};
		9470234B21A93E7900BF8715 /* Models */ = {
			isa = PBXGroup;
			children = (
			);
			name = Models;
			sourceTree = "<group>";
		};
		9470235021A9484700BF8715 /* Resources */ = {
			isa = PBXGroup;
			children = (
				9470235521A9486D00BF8715 /* Localizable.strings */,
			);
			path = Resources;
			sourceTree = "<group>";
		};
		9470235721A9558800BF8715 /* Helper */ = {
			isa = PBXGroup;
			children = (
				94633EC121ABA2A700FCBD15 /* SelectionAction.swift */,
				9470231D21A8E9DA00BF8715 /* MediaManager.swift */,
				94633EBF21AB8E4F00FCBD15 /* PHFetchResultHelper.swift */,
			);
			path = Helper;
			sourceTree = "<group>";
		};
		B8F794D120A26658BF4CB20A /* Frameworks */ = {
			isa = PBXGroup;
			children = (
				76FCA31CA0C1D780F3DB77D3 /* Pods_MediaLibrary.framework */,
				1B1376760E684FA5C48F98A9 /* Pods_MediaLibraryTests.framework */,
				E3AF043E4DF95AF49FE92A4C /* Pods_MediaLibraryUITests.framework */,
			);
			name = Frameworks;
			sourceTree = "<group>";
		};
/* End PBXGroup section */

/* Begin PBXNativeTarget section */
		9403522621A81A4800B7E593 /* MediaLibrary */ = {
			isa = PBXNativeTarget;
			buildConfigurationList = 9403524F21A81A4900B7E593 /* Build configuration list for PBXNativeTarget "MediaLibrary" */;
			buildPhases = (
				26FB40988AEFDD7FA760ADF8 /* [CP] Check Pods Manifest.lock */,
				9403522321A81A4800B7E593 /* Sources */,
				9403522421A81A4800B7E593 /* Frameworks */,
				9403522521A81A4800B7E593 /* Resources */,
				64980F04544C496E37F47E32 /* [CP] Embed Pods Frameworks */,
			);
			buildRules = (
			);
			dependencies = (
			);
			name = MediaLibrary;
			productName = MediaLibrary;
			productReference = 9403522721A81A4800B7E593 /* MediaLibrary.app */;
			productType = "com.apple.product-type.application";
		};
		9403523A21A81A4900B7E593 /* MediaLibraryTests */ = {
			isa = PBXNativeTarget;
			buildConfigurationList = 9403525221A81A4900B7E593 /* Build configuration list for PBXNativeTarget "MediaLibraryTests" */;
			buildPhases = (
				9C213C514B13F8923392F155 /* [CP] Check Pods Manifest.lock */,
				9403523721A81A4900B7E593 /* Sources */,
				9403523821A81A4900B7E593 /* Frameworks */,
				9403523921A81A4900B7E593 /* Resources */,
			);
			buildRules = (
			);
			dependencies = (
				9403523D21A81A4900B7E593 /* PBXTargetDependency */,
			);
			name = MediaLibraryTests;
			productName = MediaLibraryTests;
			productReference = 9403523B21A81A4900B7E593 /* MediaLibraryTests.xctest */;
			productType = "com.apple.product-type.bundle.unit-test";
		};
		9403524521A81A4900B7E593 /* MediaLibraryUITests */ = {
			isa = PBXNativeTarget;
			buildConfigurationList = 9403525521A81A4900B7E593 /* Build configuration list for PBXNativeTarget "MediaLibraryUITests" */;
			buildPhases = (
				058DCD4011245EA131D5D102 /* [CP] Check Pods Manifest.lock */,
				9403524221A81A4900B7E593 /* Sources */,
				9403524321A81A4900B7E593 /* Frameworks */,
				9403524421A81A4900B7E593 /* Resources */,
			);
			buildRules = (
			);
			dependencies = (
				9403524821A81A4900B7E593 /* PBXTargetDependency */,
			);
			name = MediaLibraryUITests;
			productName = MediaLibraryUITests;
			productReference = 9403524621A81A4900B7E593 /* MediaLibraryUITests.xctest */;
			productType = "com.apple.product-type.bundle.ui-testing";
		};
/* End PBXNativeTarget section */

/* Begin PBXProject section */
		9403521F21A81A4800B7E593 /* Project object */ = {
			isa = PBXProject;
			attributes = {
				LastSwiftUpdateCheck = 1010;
				LastUpgradeCheck = 1010;
				ORGANIZATIONNAME = "深圳市昊昱显信息技术有限公司";
				TargetAttributes = {
					9403522621A81A4800B7E593 = {
						CreatedOnToolsVersion = 10.1;
					};
					9403523A21A81A4900B7E593 = {
						CreatedOnToolsVersion = 10.1;
						TestTargetID = 9403522621A81A4800B7E593;
					};
					9403524521A81A4900B7E593 = {
						CreatedOnToolsVersion = 10.1;
						TestTargetID = 9403522621A81A4800B7E593;
					};
				};
			};
			buildConfigurationList = 9403522221A81A4800B7E593 /* Build configuration list for PBXProject "MediaLibrary" */;
			compatibilityVersion = "Xcode 9.3";
			developmentRegion = en;
			hasScannedForEncodings = 0;
			knownRegions = (
				en,
				Base,
				"zh-Hans",
			);
			mainGroup = 9403521E21A81A4800B7E593;
			productRefGroup = 9403522821A81A4800B7E593 /* Products */;
			projectDirPath = "";
			projectRoot = "";
			targets = (
				9403522621A81A4800B7E593 /* MediaLibrary */,
				9403523A21A81A4900B7E593 /* MediaLibraryTests */,
				9403524521A81A4900B7E593 /* MediaLibraryUITests */,
			);
		};
/* End PBXProject section */

/* Begin PBXResourcesBuildPhase section */
		9403522521A81A4800B7E593 /* Resources */ = {
			isa = PBXResourcesBuildPhase;
			buildActionMask = 2147483647;
			files = (
				9422B08F21AC149800669528 /* VideoPlayViewController.xib in Resources */,
				9470233E21A9395F00BF8715 /* PreviewViewController.xib in Resources */,
				9403523521A81A4900B7E593 /* LaunchScreen.storyboard in Resources */,
				9403523221A81A4900B7E593 /* Assets.xcassets in Resources */,
				9470234F21A9426300BF8715 /* AlbumTableViewCell.xib in Resources */,
				941507AA21ABEC480017A149 /* PriviewCollectionViewCell.xib in Resources */,
				9470235321A9486D00BF8715 /* Localizable.strings in Resources */,
				9470233A21A9395100BF8715 /* AssetsViewController.xib in Resources */,
				9470234221A9396E00BF8715 /* CaptureViewController.xib in Resources */,
				9470235B21A968A700BF8715 /* AssetCollectionViewCell.xib in Resources */,
				9403523021A81A4800B7E593 /* Main.storyboard in Resources */,
				9470233621A9394300BF8715 /* AlbumsViewController.xib in Resources */,
			);
			runOnlyForDeploymentPostprocessing = 0;
		};
		9403523921A81A4900B7E593 /* Resources */ = {
			isa = PBXResourcesBuildPhase;
			buildActionMask = 2147483647;
			files = (
			);
			runOnlyForDeploymentPostprocessing = 0;
		};
		9403524421A81A4900B7E593 /* Resources */ = {
			isa = PBXResourcesBuildPhase;
			buildActionMask = 2147483647;
			files = (
			);
			runOnlyForDeploymentPostprocessing = 0;
		};
/* End PBXResourcesBuildPhase section */

/* Begin PBXShellScriptBuildPhase section */
		058DCD4011245EA131D5D102 /* [CP] Check Pods Manifest.lock */ = {
			isa = PBXShellScriptBuildPhase;
			buildActionMask = 2147483647;
			files = (
			);
			inputFileListPaths = (
			);
			inputPaths = (
				"${PODS_PODFILE_DIR_PATH}/Podfile.lock",
				"${PODS_ROOT}/Manifest.lock",
			);
			name = "[CP] Check Pods Manifest.lock";
			outputFileListPaths = (
			);
			outputPaths = (
				"$(DERIVED_FILE_DIR)/Pods-MediaLibraryUITests-checkManifestLockResult.txt",
			);
			runOnlyForDeploymentPostprocessing = 0;
			shellPath = /bin/sh;
			shellScript = "diff \"${PODS_PODFILE_DIR_PATH}/Podfile.lock\" \"${PODS_ROOT}/Manifest.lock\" > /dev/null\nif [ $? != 0 ] ; then\n    # print error to STDERR\n    echo \"error: The sandbox is not in sync with the Podfile.lock. Run 'pod install' or update your CocoaPods installation.\" >&2\n    exit 1\nfi\n# This output is used by Xcode 'outputs' to avoid re-running this script phase.\necho \"SUCCESS\" > \"${SCRIPT_OUTPUT_FILE_0}\"\n";
			showEnvVarsInLog = 0;
		};
		26FB40988AEFDD7FA760ADF8 /* [CP] Check Pods Manifest.lock */ = {
			isa = PBXShellScriptBuildPhase;
			buildActionMask = 2147483647;
			files = (
			);
			inputFileListPaths = (
			);
			inputPaths = (
				"${PODS_PODFILE_DIR_PATH}/Podfile.lock",
				"${PODS_ROOT}/Manifest.lock",
			);
			name = "[CP] Check Pods Manifest.lock";
			outputFileListPaths = (
			);
			outputPaths = (
				"$(DERIVED_FILE_DIR)/Pods-MediaLibrary-checkManifestLockResult.txt",
			);
			runOnlyForDeploymentPostprocessing = 0;
			shellPath = /bin/sh;
			shellScript = "diff \"${PODS_PODFILE_DIR_PATH}/Podfile.lock\" \"${PODS_ROOT}/Manifest.lock\" > /dev/null\nif [ $? != 0 ] ; then\n    # print error to STDERR\n    echo \"error: The sandbox is not in sync with the Podfile.lock. Run 'pod install' or update your CocoaPods installation.\" >&2\n    exit 1\nfi\n# This output is used by Xcode 'outputs' to avoid re-running this script phase.\necho \"SUCCESS\" > \"${SCRIPT_OUTPUT_FILE_0}\"\n";
			showEnvVarsInLog = 0;
		};
		64980F04544C496E37F47E32 /* [CP] Embed Pods Frameworks */ = {
			isa = PBXShellScriptBuildPhase;
			buildActionMask = 2147483647;
			files = (
			);
			inputFileListPaths = (
				"${PODS_ROOT}/Target Support Files/Pods-MediaLibrary/Pods-MediaLibrary-frameworks-${CONFIGURATION}-input-files.xcfilelist",
			);
			name = "[CP] Embed Pods Frameworks";
			outputFileListPaths = (
				"${PODS_ROOT}/Target Support Files/Pods-MediaLibrary/Pods-MediaLibrary-frameworks-${CONFIGURATION}-output-files.xcfilelist",
			);
			runOnlyForDeploymentPostprocessing = 0;
			shellPath = /bin/sh;
			shellScript = "\"${PODS_ROOT}/Target Support Files/Pods-MediaLibrary/Pods-MediaLibrary-frameworks.sh\"\n";
			showEnvVarsInLog = 0;
		};
		9C213C514B13F8923392F155 /* [CP] Check Pods Manifest.lock */ = {
			isa = PBXShellScriptBuildPhase;
			buildActionMask = 2147483647;
			files = (
			);
			inputFileListPaths = (
			);
			inputPaths = (
				"${PODS_PODFILE_DIR_PATH}/Podfile.lock",
				"${PODS_ROOT}/Manifest.lock",
			);
			name = "[CP] Check Pods Manifest.lock";
			outputFileListPaths = (
			);
			outputPaths = (
				"$(DERIVED_FILE_DIR)/Pods-MediaLibraryTests-checkManifestLockResult.txt",
			);
			runOnlyForDeploymentPostprocessing = 0;
			shellPath = /bin/sh;
			shellScript = "diff \"${PODS_PODFILE_DIR_PATH}/Podfile.lock\" \"${PODS_ROOT}/Manifest.lock\" > /dev/null\nif [ $? != 0 ] ; then\n    # print error to STDERR\n    echo \"error: The sandbox is not in sync with the Podfile.lock. Run 'pod install' or update your CocoaPods installation.\" >&2\n    exit 1\nfi\n# This output is used by Xcode 'outputs' to avoid re-running this script phase.\necho \"SUCCESS\" > \"${SCRIPT_OUTPUT_FILE_0}\"\n";
			showEnvVarsInLog = 0;
		};
/* End PBXShellScriptBuildPhase section */

/* Begin PBXSourcesBuildPhase section */
		9403522321A81A4800B7E593 /* Sources */ = {
			isa = PBXSourcesBuildPhase;
			buildActionMask = 2147483647;
			files = (
				9470234821A93AB000BF8715 /* ImagePickerViewController.swift in Sources */,
				941507A921ABEC480017A149 /* PriviewCollectionViewCell.swift in Sources */,
				94633EC021AB8E4F00FCBD15 /* PHFetchResultHelper.swift in Sources */,
				9403522D21A81A4800B7E593 /* ViewController.swift in Sources */,
				9470233521A9394300BF8715 /* AlbumsViewController.swift in Sources */,
				9470231E21A8E9DA00BF8715 /* MediaManager.swift in Sources */,
				94633EC221ABA2A700FCBD15 /* SelectionAction.swift in Sources */,
				9470234121A9396E00BF8715 /* CaptureViewController.swift in Sources */,
				9470234E21A9426300BF8715 /* AlbumTableViewCell.swift in Sources */,
				9470232E21A9368600BF8715 /* FetchType.swift in Sources */,
				9403522B21A81A4800B7E593 /* AppDelegate.swift in Sources */,
				9470233921A9395100BF8715 /* AssetsViewController.swift in Sources */,
				9422B08E21AC149800669528 /* VideoPlayViewController.swift in Sources */,
				9470233D21A9395F00BF8715 /* PreviewViewController.swift in Sources */,
				9470235A21A968A700BF8715 /* AssetCollectionViewCell.swift in Sources */,
			);
			runOnlyForDeploymentPostprocessing = 0;
		};
		9403523721A81A4900B7E593 /* Sources */ = {
			isa = PBXSourcesBuildPhase;
			buildActionMask = 2147483647;
			files = (
			);
			runOnlyForDeploymentPostprocessing = 0;
		};
		9403524221A81A4900B7E593 /* Sources */ = {
			isa = PBXSourcesBuildPhase;
			buildActionMask = 2147483647;
			files = (
			);
			runOnlyForDeploymentPostprocessing = 0;
		};
/* End PBXSourcesBuildPhase section */

/* Begin PBXTargetDependency section */
		9403523D21A81A4900B7E593 /* PBXTargetDependency */ = {
			isa = PBXTargetDependency;
			target = 9403522621A81A4800B7E593 /* MediaLibrary */;
			targetProxy = 9403523C21A81A4900B7E593 /* PBXContainerItemProxy */;
		};
		9403524821A81A4900B7E593 /* PBXTargetDependency */ = {
			isa = PBXTargetDependency;
			target = 9403522621A81A4800B7E593 /* MediaLibrary */;
			targetProxy = 9403524721A81A4900B7E593 /* PBXContainerItemProxy */;
		};
/* End PBXTargetDependency section */

/* Begin PBXVariantGroup section */
		9403522E21A81A4800B7E593 /* Main.storyboard */ = {
			isa = PBXVariantGroup;
			children = (
				9403522F21A81A4800B7E593 /* Base */,
			);
			name = Main.storyboard;
			sourceTree = "<group>";
		};
		9403523321A81A4900B7E593 /* LaunchScreen.storyboard */ = {
			isa = PBXVariantGroup;
			children = (
				9403523421A81A4900B7E593 /* Base */,
			);
			name = LaunchScreen.storyboard;
			sourceTree = "<group>";
		};
		9470235521A9486D00BF8715 /* Localizable.strings */ = {
			isa = PBXVariantGroup;
			children = (
				9470235421A9486D00BF8715 /* en */,
				9470235621A9488200BF8715 /* zh-Hans */,
			);
			name = Localizable.strings;
			sourceTree = "<group>";
		};
/* End PBXVariantGroup section */

/* Begin XCBuildConfiguration section */
		9403524D21A81A4900B7E593 /* Debug */ = {
			isa = XCBuildConfiguration;
			buildSettings = {
				ALWAYS_SEARCH_USER_PATHS = NO;
				CLANG_ANALYZER_LOCALIZABILITY_NONLOCALIZED = YES;
				CLANG_ANALYZER_NONNULL = YES;
				CLANG_ANALYZER_NUMBER_OBJECT_CONVERSION = YES_AGGRESSIVE;
				CLANG_CXX_LANGUAGE_STANDARD = "gnu++14";
				CLANG_CXX_LIBRARY = "libc++";
				CLANG_ENABLE_MODULES = YES;
				CLANG_ENABLE_OBJC_ARC = YES;
				CLANG_ENABLE_OBJC_WEAK = YES;
				CLANG_WARN_BLOCK_CAPTURE_AUTORELEASING = YES;
				CLANG_WARN_BOOL_CONVERSION = YES;
				CLANG_WARN_COMMA = YES;
				CLANG_WARN_CONSTANT_CONVERSION = YES;
				CLANG_WARN_DEPRECATED_OBJC_IMPLEMENTATIONS = YES;
				CLANG_WARN_DIRECT_OBJC_ISA_USAGE = YES_ERROR;
				CLANG_WARN_DOCUMENTATION_COMMENTS = YES;
				CLANG_WARN_EMPTY_BODY = YES;
				CLANG_WARN_ENUM_CONVERSION = YES;
				CLANG_WARN_INFINITE_RECURSION = YES;
				CLANG_WARN_INT_CONVERSION = YES;
				CLANG_WARN_NON_LITERAL_NULL_CONVERSION = YES;
				CLANG_WARN_OBJC_IMPLICIT_RETAIN_SELF = YES;
				CLANG_WARN_OBJC_LITERAL_CONVERSION = YES;
				CLANG_WARN_OBJC_ROOT_CLASS = YES_ERROR;
				CLANG_WARN_RANGE_LOOP_ANALYSIS = YES;
				CLANG_WARN_STRICT_PROTOTYPES = YES;
				CLANG_WARN_SUSPICIOUS_MOVE = YES;
				CLANG_WARN_UNGUARDED_AVAILABILITY = YES_AGGRESSIVE;
				CLANG_WARN_UNREACHABLE_CODE = YES;
				CLANG_WARN__DUPLICATE_METHOD_MATCH = YES;
				CODE_SIGN_IDENTITY = "iPhone Developer";
				COPY_PHASE_STRIP = NO;
				DEBUG_INFORMATION_FORMAT = dwarf;
				ENABLE_STRICT_OBJC_MSGSEND = YES;
				ENABLE_TESTABILITY = YES;
				GCC_C_LANGUAGE_STANDARD = gnu11;
				GCC_DYNAMIC_NO_PIC = NO;
				GCC_NO_COMMON_BLOCKS = YES;
				GCC_OPTIMIZATION_LEVEL = 0;
				GCC_PREPROCESSOR_DEFINITIONS = (
					"DEBUG=1",
					"$(inherited)",
				);
				GCC_WARN_64_TO_32_BIT_CONVERSION = YES;
				GCC_WARN_ABOUT_RETURN_TYPE = YES_ERROR;
				GCC_WARN_UNDECLARED_SELECTOR = YES;
				GCC_WARN_UNINITIALIZED_AUTOS = YES_AGGRESSIVE;
				GCC_WARN_UNUSED_FUNCTION = YES;
				GCC_WARN_UNUSED_VARIABLE = YES;
				IPHONEOS_DEPLOYMENT_TARGET = 12.1;
				MTL_ENABLE_DEBUG_INFO = INCLUDE_SOURCE;
				MTL_FAST_MATH = YES;
				ONLY_ACTIVE_ARCH = YES;
				SDKROOT = iphoneos;
				SWIFT_ACTIVE_COMPILATION_CONDITIONS = DEBUG;
				SWIFT_OPTIMIZATION_LEVEL = "-Onone";
			};
			name = Debug;
		};
		9403524E21A81A4900B7E593 /* Release */ = {
			isa = XCBuildConfiguration;
			buildSettings = {
				ALWAYS_SEARCH_USER_PATHS = NO;
				CLANG_ANALYZER_LOCALIZABILITY_NONLOCALIZED = YES;
				CLANG_ANALYZER_NONNULL = YES;
				CLANG_ANALYZER_NUMBER_OBJECT_CONVERSION = YES_AGGRESSIVE;
				CLANG_CXX_LANGUAGE_STANDARD = "gnu++14";
				CLANG_CXX_LIBRARY = "libc++";
				CLANG_ENABLE_MODULES = YES;
				CLANG_ENABLE_OBJC_ARC = YES;
				CLANG_ENABLE_OBJC_WEAK = YES;
				CLANG_WARN_BLOCK_CAPTURE_AUTORELEASING = YES;
				CLANG_WARN_BOOL_CONVERSION = YES;
				CLANG_WARN_COMMA = YES;
				CLANG_WARN_CONSTANT_CONVERSION = YES;
				CLANG_WARN_DEPRECATED_OBJC_IMPLEMENTATIONS = YES;
				CLANG_WARN_DIRECT_OBJC_ISA_USAGE = YES_ERROR;
				CLANG_WARN_DOCUMENTATION_COMMENTS = YES;
				CLANG_WARN_EMPTY_BODY = YES;
				CLANG_WARN_ENUM_CONVERSION = YES;
				CLANG_WARN_INFINITE_RECURSION = YES;
				CLANG_WARN_INT_CONVERSION = YES;
				CLANG_WARN_NON_LITERAL_NULL_CONVERSION = YES;
				CLANG_WARN_OBJC_IMPLICIT_RETAIN_SELF = YES;
				CLANG_WARN_OBJC_LITERAL_CONVERSION = YES;
				CLANG_WARN_OBJC_ROOT_CLASS = YES_ERROR;
				CLANG_WARN_RANGE_LOOP_ANALYSIS = YES;
				CLANG_WARN_STRICT_PROTOTYPES = YES;
				CLANG_WARN_SUSPICIOUS_MOVE = YES;
				CLANG_WARN_UNGUARDED_AVAILABILITY = YES_AGGRESSIVE;
				CLANG_WARN_UNREACHABLE_CODE = YES;
				CLANG_WARN__DUPLICATE_METHOD_MATCH = YES;
				CODE_SIGN_IDENTITY = "iPhone Developer";
				COPY_PHASE_STRIP = NO;
				DEBUG_INFORMATION_FORMAT = "dwarf-with-dsym";
				ENABLE_NS_ASSERTIONS = NO;
				ENABLE_STRICT_OBJC_MSGSEND = YES;
				GCC_C_LANGUAGE_STANDARD = gnu11;
				GCC_NO_COMMON_BLOCKS = YES;
				GCC_WARN_64_TO_32_BIT_CONVERSION = YES;
				GCC_WARN_ABOUT_RETURN_TYPE = YES_ERROR;
				GCC_WARN_UNDECLARED_SELECTOR = YES;
				GCC_WARN_UNINITIALIZED_AUTOS = YES_AGGRESSIVE;
				GCC_WARN_UNUSED_FUNCTION = YES;
				GCC_WARN_UNUSED_VARIABLE = YES;
				IPHONEOS_DEPLOYMENT_TARGET = 12.1;
				MTL_ENABLE_DEBUG_INFO = NO;
				MTL_FAST_MATH = YES;
				SDKROOT = iphoneos;
				SWIFT_COMPILATION_MODE = wholemodule;
				SWIFT_OPTIMIZATION_LEVEL = "-O";
				VALIDATE_PRODUCT = YES;
			};
			name = Release;
		};
		9403525021A81A4900B7E593 /* Debug */ = {
			isa = XCBuildConfiguration;
			baseConfigurationReference = 8395811EC5AA95C2E19FCC87 /* Pods-MediaLibrary.debug.xcconfig */;
			buildSettings = {
				ASSETCATALOG_COMPILER_APPICON_NAME = AppIcon;
				CODE_SIGN_STYLE = Automatic;
				DEVELOPMENT_TEAM = MQ7G6Q36X8;
				INFOPLIST_FILE = MediaLibrary/Info.plist;
				LD_RUNPATH_SEARCH_PATHS = (
					"$(inherited)",
					"@executable_path/Frameworks",
				);
				PRODUCT_BUNDLE_IDENTIFIER = szancun.com.MediaLibrary;
				PRODUCT_NAME = "$(TARGET_NAME)";
				SWIFT_VERSION = 4.2;
				TARGETED_DEVICE_FAMILY = "1,2";
			};
			name = Debug;
		};
		9403525121A81A4900B7E593 /* Release */ = {
			isa = XCBuildConfiguration;
			baseConfigurationReference = 7C8F99D6A26CE6A20F6393FC /* Pods-MediaLibrary.release.xcconfig */;
			buildSettings = {
				ASSETCATALOG_COMPILER_APPICON_NAME = AppIcon;
				CODE_SIGN_STYLE = Automatic;
				DEVELOPMENT_TEAM = MQ7G6Q36X8;
				INFOPLIST_FILE = MediaLibrary/Info.plist;
				LD_RUNPATH_SEARCH_PATHS = (
					"$(inherited)",
					"@executable_path/Frameworks",
				);
				PRODUCT_BUNDLE_IDENTIFIER = szancun.com.MediaLibrary;
				PRODUCT_NAME = "$(TARGET_NAME)";
				SWIFT_VERSION = 4.2;
				TARGETED_DEVICE_FAMILY = "1,2";
			};
			name = Release;
		};
		9403525321A81A4900B7E593 /* Debug */ = {
			isa = XCBuildConfiguration;
			baseConfigurationReference = CA46C8E005BEAC0A1319B540 /* Pods-MediaLibraryTests.debug.xcconfig */;
			buildSettings = {
				ALWAYS_EMBED_SWIFT_STANDARD_LIBRARIES = YES;
				BUNDLE_LOADER = "$(TEST_HOST)";
				CODE_SIGN_STYLE = Automatic;
				DEVELOPMENT_TEAM = MQ7G6Q36X8;
				INFOPLIST_FILE = MediaLibraryTests/Info.plist;
				LD_RUNPATH_SEARCH_PATHS = (
					"$(inherited)",
					"@executable_path/Frameworks",
					"@loader_path/Frameworks",
				);
				PRODUCT_BUNDLE_IDENTIFIER = szancun.com.MediaLibraryTests;
				PRODUCT_NAME = "$(TARGET_NAME)";
				SWIFT_VERSION = 4.2;
				TARGETED_DEVICE_FAMILY = "1,2";
				TEST_HOST = "$(BUILT_PRODUCTS_DIR)/MediaLibrary.app/MediaLibrary";
			};
			name = Debug;
		};
		9403525421A81A4900B7E593 /* Release */ = {
			isa = XCBuildConfiguration;
			baseConfigurationReference = F2F47F834E7304DA412DB0B7 /* Pods-MediaLibraryTests.release.xcconfig */;
			buildSettings = {
				ALWAYS_EMBED_SWIFT_STANDARD_LIBRARIES = YES;
				BUNDLE_LOADER = "$(TEST_HOST)";
				CODE_SIGN_STYLE = Automatic;
				DEVELOPMENT_TEAM = MQ7G6Q36X8;
				INFOPLIST_FILE = MediaLibraryTests/Info.plist;
				LD_RUNPATH_SEARCH_PATHS = (
					"$(inherited)",
					"@executable_path/Frameworks",
					"@loader_path/Frameworks",
				);
				PRODUCT_BUNDLE_IDENTIFIER = szancun.com.MediaLibraryTests;
				PRODUCT_NAME = "$(TARGET_NAME)";
				SWIFT_VERSION = 4.2;
				TARGETED_DEVICE_FAMILY = "1,2";
				TEST_HOST = "$(BUILT_PRODUCTS_DIR)/MediaLibrary.app/MediaLibrary";
			};
			name = Release;
		};
		9403525621A81A4900B7E593 /* Debug */ = {
			isa = XCBuildConfiguration;
			baseConfigurationReference = BFDD4A82F5249153569531A1 /* Pods-MediaLibraryUITests.debug.xcconfig */;
			buildSettings = {
				ALWAYS_EMBED_SWIFT_STANDARD_LIBRARIES = YES;
				CODE_SIGN_STYLE = Automatic;
				DEVELOPMENT_TEAM = MQ7G6Q36X8;
				INFOPLIST_FILE = MediaLibraryUITests/Info.plist;
				LD_RUNPATH_SEARCH_PATHS = (
					"$(inherited)",
					"@executable_path/Frameworks",
					"@loader_path/Frameworks",
				);
				PRODUCT_BUNDLE_IDENTIFIER = szancun.com.MediaLibraryUITests;
				PRODUCT_NAME = "$(TARGET_NAME)";
				SWIFT_VERSION = 4.2;
				TARGETED_DEVICE_FAMILY = "1,2";
				TEST_TARGET_NAME = MediaLibrary;
			};
			name = Debug;
		};
		9403525721A81A4900B7E593 /* Release */ = {
			isa = XCBuildConfiguration;
			baseConfigurationReference = 3FB36AD370F3B803E5BA0E46 /* Pods-MediaLibraryUITests.release.xcconfig */;
			buildSettings = {
				ALWAYS_EMBED_SWIFT_STANDARD_LIBRARIES = YES;
				CODE_SIGN_STYLE = Automatic;
				DEVELOPMENT_TEAM = MQ7G6Q36X8;
				INFOPLIST_FILE = MediaLibraryUITests/Info.plist;
				LD_RUNPATH_SEARCH_PATHS = (
					"$(inherited)",
					"@executable_path/Frameworks",
					"@loader_path/Frameworks",
				);
				PRODUCT_BUNDLE_IDENTIFIER = szancun.com.MediaLibraryUITests;
				PRODUCT_NAME = "$(TARGET_NAME)";
				SWIFT_VERSION = 4.2;
				TARGETED_DEVICE_FAMILY = "1,2";
				TEST_TARGET_NAME = MediaLibrary;
			};
			name = Release;
		};
/* End XCBuildConfiguration section */

/* Begin XCConfigurationList section */
		9403522221A81A4800B7E593 /* Build configuration list for PBXProject "MediaLibrary" */ = {
			isa = XCConfigurationList;
			buildConfigurations = (
				9403524D21A81A4900B7E593 /* Debug */,
				9403524E21A81A4900B7E593 /* Release */,
			);
			defaultConfigurationIsVisible = 0;
			defaultConfigurationName = Release;
		};
		9403524F21A81A4900B7E593 /* Build configuration list for PBXNativeTarget "MediaLibrary" */ = {
			isa = XCConfigurationList;
			buildConfigurations = (
				9403525021A81A4900B7E593 /* Debug */,
				9403525121A81A4900B7E593 /* Release */,
			);
			defaultConfigurationIsVisible = 0;
			defaultConfigurationName = Release;
		};
		9403525221A81A4900B7E593 /* Build configuration list for PBXNativeTarget "MediaLibraryTests" */ = {
			isa = XCConfigurationList;
			buildConfigurations = (
				9403525321A81A4900B7E593 /* Debug */,
				9403525421A81A4900B7E593 /* Release */,
			);
			defaultConfigurationIsVisible = 0;
			defaultConfigurationName = Release;
		};
		9403525521A81A4900B7E593 /* Build configuration list for PBXNativeTarget "MediaLibraryUITests" */ = {
			isa = XCConfigurationList;
			buildConfigurations = (
				9403525621A81A4900B7E593 /* Debug */,
				9403525721A81A4900B7E593 /* Release */,
			);
			defaultConfigurationIsVisible = 0;
			defaultConfigurationName = Release;
		};
/* End XCConfigurationList section */
	};
	rootObject = 9403521F21A81A4800B7E593 /* Project object */;
}
